
Microsoft Visual Studio Solution File, Format Version 12.00
# Visual Studio Version 16
VisualStudioVersion = 16.0.30413.136
MinimumVisualStudioVersion = 10.0.40219.1
Project("{FAE04EC0-301F-11D3-BF4B-00C04F79EFBC}") = "NumberGuesser", "NumberGuesser.csproj", "{F4646FD4-3D28-41E6-B788-E1FAC08380D5}"
EndProject
Global
	GlobalSection(SolutionConfigurationPlatforms) = preSolution
		Debug|Any CPU = Debug|Any CPU
		Release|Any CPU = Release|Any CPU
	EndGlobalSection
	GlobalSection(ProjectConfigurationPlatforms) = postSolution
		{F4646FD4-3D28-41E6-B788-E1FAC08380D5}.Debug|Any CPU.ActiveCfg = Debug|Any CPU
		{F4646FD4-3D28-41E6-B788-E1FAC08380D5}.Debug|Any CPU.Build.0 = Debug|Any CPU
		{F4646FD4-3D28-41E6-B788-E1FAC08380D5}.Release|Any CPU.ActiveCfg = Release|Any CPU
		{F4646FD4-3D28-41E6-B788-E1FAC08380D5}.Release|Any CPU.Build.0 = Release|Any CPU
	EndGlobalSection
	GlobalSection(SolutionProperties) = preSolution
		HideSolutionNode = FALSE
	EndGlobalSection
	GlobalSection(ExtensibilityGlobals) = postSolution
		SolutionGuid = {CF97E342-7B5C-42D4-8708-F4CB1D2ADE78}
	EndGlobalSection
EndGlobal
